
Microsoft Visual Studio Solution File, Format Version 12.00
# Visual Studio Version 17
VisualStudioVersion = 17.1.32210.238
MinimumVisualStudioVersion = 10.0.40219.1
Project("{FAE04EC0-301F-11D3-BF4B-00C04F79EFBC}") = "LINQPart2", "LINQPart2\LINQPart2.csproj", "{5A77BC18-F5A5-4860-9EC1-11805B2ECC39}"
EndProject
Global
	GlobalSection(SolutionConfigurationPlatforms) = preSolution
		Debug|Any CPU = Debug|Any CPU
		Release|Any CPU = Release|Any CPU
	EndGlobalSection
	GlobalSection(ProjectConfigurationPlatforms) = postSolution
		{5A77BC18-F5A5-4860-9EC1-11805B2ECC39}.Debug|Any CPU.ActiveCfg = Debug|Any CPU
		{5A77BC18-F5A5-4860-9EC1-11805B2ECC39}.Debug|Any CPU.Build.0 = Debug|Any CPU
		{5A77BC18-F5A5-4860-9EC1-11805B2ECC39}.Release|Any CPU.ActiveCfg = Release|Any CPU
		{5A77BC18-F5A5-4860-9EC1-11805B2ECC39}.Release|Any CPU.Build.0 = Release|Any CPU
	EndGlobalSection
	GlobalSection(SolutionProperties) = preSolution
		HideSolutionNode = FALSE
	EndGlobalSection
	GlobalSection(ExtensibilityGlobals) = postSolution
		SolutionGuid = {402EC5C6-76AB-4D36-9B23-F196DEBEEE4E}
	EndGlobalSection
EndGlobal
