
Microsoft Visual Studio Solution File, Format Version 12.00
# Visual Studio Version 17
VisualStudioVersion = 17.1.32210.238
MinimumVisualStudioVersion = 10.0.40219.1
Project("{FAE04EC0-301F-11D3-BF4B-00C04F79EFBC}") = "PracticeAssessment", "PracticeAssessment\PracticeAssessment.csproj", "{CFADA291-E4B2-43EB-B518-97A89789F337}"
EndProject
Global
	GlobalSection(SolutionConfigurationPlatforms) = preSolution
		Debug|Any CPU = Debug|Any CPU
		Release|Any CPU = Release|Any CPU
	EndGlobalSection
	GlobalSection(ProjectConfigurationPlatforms) = postSolution
		{CFADA291-E4B2-43EB-B518-97A89789F337}.Debug|Any CPU.ActiveCfg = Debug|Any CPU
		{CFADA291-E4B2-43EB-B518-97A89789F337}.Debug|Any CPU.Build.0 = Debug|Any CPU
		{CFADA291-E4B2-43EB-B518-97A89789F337}.Release|Any CPU.ActiveCfg = Release|Any CPU
		{CFADA291-E4B2-43EB-B518-97A89789F337}.Release|Any CPU.Build.0 = Release|Any CPU
	EndGlobalSection
	GlobalSection(SolutionProperties) = preSolution
		HideSolutionNode = FALSE
	EndGlobalSection
	GlobalSection(ExtensibilityGlobals) = postSolution
		SolutionGuid = {549E24BF-84CF-4C92-9281-E8D9E7A02285}
	EndGlobalSection
EndGlobal
