
Microsoft Visual Studio Solution File, Format Version 12.00
# Visual Studio Version 17
VisualStudioVersion = 17.1.32210.238
MinimumVisualStudioVersion = 10.0.40219.1
Project("{FAE04EC0-301F-11D3-BF4B-00C04F79EFBC}") = "Exercise20", "Exercise20\Exercise20.csproj", "{9062C120-D7D9-4682-A399-7C638537AAEC}"
EndProject
Global
	GlobalSection(SolutionConfigurationPlatforms) = preSolution
		Debug|Any CPU = Debug|Any CPU
		Release|Any CPU = Release|Any CPU
	EndGlobalSection
	GlobalSection(ProjectConfigurationPlatforms) = postSolution
		{9062C120-D7D9-4682-A399-7C638537AAEC}.Debug|Any CPU.ActiveCfg = Debug|Any CPU
		{9062C120-D7D9-4682-A399-7C638537AAEC}.Debug|Any CPU.Build.0 = Debug|Any CPU
		{9062C120-D7D9-4682-A399-7C638537AAEC}.Release|Any CPU.ActiveCfg = Release|Any CPU
		{9062C120-D7D9-4682-A399-7C638537AAEC}.Release|Any CPU.Build.0 = Release|Any CPU
	EndGlobalSection
	GlobalSection(SolutionProperties) = preSolution
		HideSolutionNode = FALSE
	EndGlobalSection
	GlobalSection(ExtensibilityGlobals) = postSolution
		SolutionGuid = {6F9EE09D-E624-4922-AC4E-3ADF34886E79}
	EndGlobalSection
EndGlobal
