
Microsoft Visual Studio Solution File, Format Version 12.00
# Visual Studio Version 17
VisualStudioVersion = 17.1.32210.238
MinimumVisualStudioVersion = 10.0.40219.1
Project("{FAE04EC0-301F-11D3-BF4B-00C04F79EFBC}") = "StringMethods", "StringMethods\StringMethods.csproj", "{B0D2521E-46D5-430A-B732-67B50E64699F}"
EndProject
Global
	GlobalSection(SolutionConfigurationPlatforms) = preSolution
		Debug|Any CPU = Debug|Any CPU
		Release|Any CPU = Release|Any CPU
	EndGlobalSection
	GlobalSection(ProjectConfigurationPlatforms) = postSolution
		{B0D2521E-46D5-430A-B732-67B50E64699F}.Debug|Any CPU.ActiveCfg = Debug|Any CPU
		{B0D2521E-46D5-430A-B732-67B50E64699F}.Debug|Any CPU.Build.0 = Debug|Any CPU
		{B0D2521E-46D5-430A-B732-67B50E64699F}.Release|Any CPU.ActiveCfg = Release|Any CPU
		{B0D2521E-46D5-430A-B732-67B50E64699F}.Release|Any CPU.Build.0 = Release|Any CPU
	EndGlobalSection
	GlobalSection(SolutionProperties) = preSolution
		HideSolutionNode = FALSE
	EndGlobalSection
	GlobalSection(ExtensibilityGlobals) = postSolution
		SolutionGuid = {54D290AB-AF77-494C-A6FB-1648585029BC}
	EndGlobalSection
EndGlobal
